
Microsoft Visual Studio Solution File, Format Version 12.00
# Visual Studio Version 17
VisualStudioVersion = 17.0.31903.59
MinimumVisualStudioVersion = 10.0.40219.1
Project("{FAE04EC0-301F-11D3-BF4B-00C04F79EFBC}") = "Domain", "Domain\Domain.csproj", "{6B66A5D1-A831-4892-98B6-782DC65A39D4}"
EndProject
Project("{FAE04EC0-301F-11D3-BF4B-00C04F79EFBC}") = "Application", "Application\Application.csproj", "{8605B3C5-33FF-4B97-A782-54186984DC47}"
EndProject
Project("{FAE04EC0-301F-11D3-BF4B-00C04F79EFBC}") = "Infrastructure", "Infrastructure\Infrastructure.csproj", "{E43206A8-12D6-452A-9CB0-FA01A32367E2}"
EndProject
Project("{FAE04EC0-301F-11D3-BF4B-00C04F79EFBC}") = "WebApi", "WebApi\WebApi.csproj", "{ADAA4D20-F30F-4849-AB65-3957D8E54FFC}"
EndProject
Global
	GlobalSection(SolutionConfigurationPlatforms) = preSolution
		Debug|Any CPU = Debug|Any CPU
		Debug|x64 = Debug|x64
		Debug|x86 = Debug|x86
		Release|Any CPU = Release|Any CPU
		Release|x64 = Release|x64
		Release|x86 = Release|x86
	EndGlobalSection
	GlobalSection(ProjectConfigurationPlatforms) = postSolution
		{6B66A5D1-A831-4892-98B6-782DC65A39D4}.Debug|Any CPU.ActiveCfg = Debug|Any CPU
		{6B66A5D1-A831-4892-98B6-782DC65A39D4}.Debug|Any CPU.Build.0 = Debug|Any CPU
		{6B66A5D1-A831-4892-98B6-782DC65A39D4}.Debug|x64.ActiveCfg = Debug|Any CPU
		{6B66A5D1-A831-4892-98B6-782DC65A39D4}.Debug|x64.Build.0 = Debug|Any CPU
		{6B66A5D1-A831-4892-98B6-782DC65A39D4}.Debug|x86.ActiveCfg = Debug|Any CPU
		{6B66A5D1-A831-4892-98B6-782DC65A39D4}.Debug|x86.Build.0 = Debug|Any CPU
		{6B66A5D1-A831-4892-98B6-782DC65A39D4}.Release|Any CPU.ActiveCfg = Release|Any CPU
		{6B66A5D1-A831-4892-98B6-782DC65A39D4}.Release|Any CPU.Build.0 = Release|Any CPU
		{6B66A5D1-A831-4892-98B6-782DC65A39D4}.Release|x64.ActiveCfg = Release|Any CPU
		{6B66A5D1-A831-4892-98B6-782DC65A39D4}.Release|x64.Build.0 = Release|Any CPU
		{6B66A5D1-A831-4892-98B6-782DC65A39D4}.Release|x86.ActiveCfg = Release|Any CPU
		{6B66A5D1-A831-4892-98B6-782DC65A39D4}.Release|x86.Build.0 = Release|Any CPU
		{8605B3C5-33FF-4B97-A782-54186984DC47}.Debug|Any CPU.ActiveCfg = Debug|Any CPU
		{8605B3C5-33FF-4B97-A782-54186984DC47}.Debug|Any CPU.Build.0 = Debug|Any CPU
		{8605B3C5-33FF-4B97-A782-54186984DC47}.Debug|x64.ActiveCfg = Debug|Any CPU
		{8605B3C5-33FF-4B97-A782-54186984DC47}.Debug|x64.Build.0 = Debug|Any CPU
		{8605B3C5-33FF-4B97-A782-54186984DC47}.Debug|x86.ActiveCfg = Debug|Any CPU
		{8605B3C5-33FF-4B97-A782-54186984DC47}.Debug|x86.Build.0 = Debug|Any CPU
		{8605B3C5-33FF-4B97-A782-54186984DC47}.Release|Any CPU.ActiveCfg = Release|Any CPU
		{8605B3C5-33FF-4B97-A782-54186984DC47}.Release|Any CPU.Build.0 = Release|Any CPU
		{8605B3C5-33FF-4B97-A782-54186984DC47}.Release|x64.ActiveCfg = Release|Any CPU
		{8605B3C5-33FF-4B97-A782-54186984DC47}.Release|x64.Build.0 = Release|Any CPU
		{8605B3C5-33FF-4B97-A782-54186984DC47}.Release|x86.ActiveCfg = Release|Any CPU
		{8605B3C5-33FF-4B97-A782-54186984DC47}.Release|x86.Build.0 = Release|Any CPU
		{E43206A8-12D6-452A-9CB0-FA01A32367E2}.Debug|Any CPU.ActiveCfg = Debug|Any CPU
		{E43206A8-12D6-452A-9CB0-FA01A32367E2}.Debug|Any CPU.Build.0 = Debug|Any CPU
		{E43206A8-12D6-452A-9CB0-FA01A32367E2}.Debug|x64.ActiveCfg = Debug|Any CPU
		{E43206A8-12D6-452A-9CB0-FA01A32367E2}.Debug|x64.Build.0 = Debug|Any CPU
		{E43206A8-12D6-452A-9CB0-FA01A32367E2}.Debug|x86.ActiveCfg = Debug|Any CPU
		{E43206A8-12D6-452A-9CB0-FA01A32367E2}.Debug|x86.Build.0 = Debug|Any CPU
		{E43206A8-12D6-452A-9CB0-FA01A32367E2}.Release|Any CPU.ActiveCfg = Release|Any CPU
		{E43206A8-12D6-452A-9CB0-FA01A32367E2}.Release|Any CPU.Build.0 = Release|Any CPU
		{E43206A8-12D6-452A-9CB0-FA01A32367E2}.Release|x64.ActiveCfg = Release|Any CPU
		{E43206A8-12D6-452A-9CB0-FA01A32367E2}.Release|x64.Build.0 = Release|Any CPU
		{E43206A8-12D6-452A-9CB0-FA01A32367E2}.Release|x86.ActiveCfg = Release|Any CPU
		{E43206A8-12D6-452A-9CB0-FA01A32367E2}.Release|x86.Build.0 = Release|Any CPU
		{ADAA4D20-F30F-4849-AB65-3957D8E54FFC}.Debug|Any CPU.ActiveCfg = Debug|Any CPU
		{ADAA4D20-F30F-4849-AB65-3957D8E54FFC}.Debug|Any CPU.Build.0 = Debug|Any CPU
		{ADAA4D20-F30F-4849-AB65-3957D8E54FFC}.Debug|x64.ActiveCfg = Debug|Any CPU
		{ADAA4D20-F30F-4849-AB65-3957D8E54FFC}.Debug|x64.Build.0 = Debug|Any CPU
		{ADAA4D20-F30F-4849-AB65-3957D8E54FFC}.Debug|x86.ActiveCfg = Debug|Any CPU
		{ADAA4D20-F30F-4849-AB65-3957D8E54FFC}.Debug|x86.Build.0 = Debug|Any CPU
		{ADAA4D20-F30F-4849-AB65-3957D8E54FFC}.Release|Any CPU.ActiveCfg = Release|Any CPU
		{ADAA4D20-F30F-4849-AB65-3957D8E54FFC}.Release|Any CPU.Build.0 = Release|Any CPU
		{ADAA4D20-F30F-4849-AB65-3957D8E54FFC}.Release|x64.ActiveCfg = Release|Any CPU
		{ADAA4D20-F30F-4849-AB65-3957D8E54FFC}.Release|x64.Build.0 = Release|Any CPU
		{ADAA4D20-F30F-4849-AB65-3957D8E54FFC}.Release|x86.ActiveCfg = Release|Any CPU
		{ADAA4D20-F30F-4849-AB65-3957D8E54FFC}.Release|x86.Build.0 = Release|Any CPU
	EndGlobalSection
	GlobalSection(SolutionProperties) = preSolution
		HideSolutionNode = FALSE
	EndGlobalSection
	GlobalSection(ExtensibilityGlobals) = postSolution
		SolutionGuid = {F1527E01-0EA0-4E49-B753-91FDA9D7BF36}
	EndGlobalSection
EndGlobal
